
Microsoft Visual Studio Solution File, Format Version 12.00
# Visual Studio Version 16
VisualStudioVersion = 16.0.31911.196
MinimumVisualStudioVersion = 10.0.40219.1
Project("{FAE04EC0-301F-11D3-BF4B-00C04F79EFBC}") = "StringCalculator", "StringCalculator\StringCalculator.csproj", "{62B67889-0B6E-4412-82C7-CBDF0F07537A}"
EndProject
Project("{FAE04EC0-301F-11D3-BF4B-00C04F79EFBC}") = "StringCalculatorText", "StringCalculatorText\StringCalculatorText.csproj", "{31CF8520-56D1-45B8-8BFE-6B04910B514A}"
EndProject
Global
	GlobalSection(SolutionConfigurationPlatforms) = preSolution
		Debug|Any CPU = Debug|Any CPU
		Release|Any CPU = Release|Any CPU
	EndGlobalSection
	GlobalSection(ProjectConfigurationPlatforms) = postSolution
		{62B67889-0B6E-4412-82C7-CBDF0F07537A}.Debug|Any CPU.ActiveCfg = Debug|Any CPU
		{62B67889-0B6E-4412-82C7-CBDF0F07537A}.Debug|Any CPU.Build.0 = Debug|Any CPU
		{62B67889-0B6E-4412-82C7-CBDF0F07537A}.Release|Any CPU.ActiveCfg = Release|Any CPU
		{62B67889-0B6E-4412-82C7-CBDF0F07537A}.Release|Any CPU.Build.0 = Release|Any CPU
		{31CF8520-56D1-45B8-8BFE-6B04910B514A}.Debug|Any CPU.ActiveCfg = Debug|Any CPU
		{31CF8520-56D1-45B8-8BFE-6B04910B514A}.Debug|Any CPU.Build.0 = Debug|Any CPU
		{31CF8520-56D1-45B8-8BFE-6B04910B514A}.Release|Any CPU.ActiveCfg = Release|Any CPU
		{31CF8520-56D1-45B8-8BFE-6B04910B514A}.Release|Any CPU.Build.0 = Release|Any CPU
	EndGlobalSection
	GlobalSection(SolutionProperties) = preSolution
		HideSolutionNode = FALSE
	EndGlobalSection
	GlobalSection(ExtensibilityGlobals) = postSolution
		SolutionGuid = {10EBCA18-06B9-49B8-AD15-0D52E0078C4A}
	EndGlobalSection
EndGlobal
